version = 1
revision = 3
requires-python = "==3.12.*"

[[package]]
name = "pillow"
version = "12.3.0"
source = { registry = "https://pypi.org/simple" }
sdist = { url = "https://files.pythonhosted.org/packages/1c/3d/bb7fca845737cf9d7dbde16ed1843984665ff2e0a518f5db43e77ec540b9/pillow-12.3.0.tar.gz", hash = "sha256:3b8182a766685eaa002637e28b4ec8d6b18819a0c71f579bf0dbaa5830297cce", size = 47025035, upload-time = "2026-07-01T11:56:38.965Z" }
wheels = [
    { url = "https://files.pythonhosted.org/packages/37/bf/fb3ebff8ddcb76aac5a01389251bbbb9519922a9b520d8247c1ca864a25d/pillow-12.3.0-cp312-cp312-macosx_10_13_x86_64.whl", hash = "sha256:ba09209fbe443b4acccebe845d8a138b89a8f4fbaeedd44953490b5315d5e965", size = 5345969, upload-time = "2026-07-01T11:54:06.397Z" },
    { url = "https://files.pythonhosted.org/packages/d8/66/9a386a92561f402389a4fc70c18838bf6d35eb5eb5c6850b4b2dc64f5048/pillow-12.3.0-cp312-cp312-macosx_11_0_arm64.whl", hash = "sha256:ffd0c5368496f41b0944be820fcb7a838aa6e623d250b01acf2643939c3f99d7", size = 4780323, upload-time = "2026-07-01T11:54:09.351Z" },
    { url = "https://files.pythonhosted.org/packages/25/27/ac8f99618ffd3dde21db0f4d4b1d2ab00c0880595bfd17df103f7f39fd0c/pillow-12.3.0-cp312-cp312-manylinux_2_27_aarch64.manylinux_2_28_aarch64.whl", hash = "sha256:d9c7f76c0673154f044e9d78c8655fb4213f6ca31a836df48b40fe5d187717b9", size = 6266838, upload-time = "2026-07-01T11:54:11.71Z" },
    { url = "https://files.pythonhosted.org/packages/84/21/a35af28dcc61f37ed850a2d64c65c701321dfbf25085e469d5559360cbbf/pillow-12.3.0-cp312-cp312-manylinux_2_27_x86_64.manylinux_2_28_x86_64.whl", hash = "sha256:78cb2c6865a35ab8ff8b75fd122f6033b92a62c82801110e48ddd6c936a45d91", size = 6940830, upload-time = "2026-07-01T11:54:13.732Z" },
    { url = "https://files.pythonhosted.org/packages/eb/51/8b08617af3ad95e33ce6d7dd2c99ed6c8298f7fb131636303956be022e25/pillow-12.3.0-cp312-cp312-musllinux_1_2_aarch64.whl", hash = "sha256:e491916b378fba47242221bb9ead245211b70d504f495d105d17b14a24b4907c", size = 6344383, upload-time = "2026-07-01T11:54:15.756Z" },
    { url = "https://files.pythonhosted.org/packages/1d/72/cf78ac9780bb93c28328f408973845a309d4d145041665f734572ced1b52/pillow-12.3.0-cp312-cp312-musllinux_1_2_x86_64.whl", hash = "sha256:0dd2064cbc55aaec028ef5fbb60fa47bb6c3e7918e07ff17935284b227a9d2df", size = 7052934, upload-time = "2026-07-01T11:54:17.721Z" },
    { url = "https://files.pythonhosted.org/packages/20/20/25e0f4dc178a6bc0696793720055519a0de89e7661dae886992decbd2f81/pillow-12.3.0-cp312-cp312-win32.whl", hash = "sha256:dbce0b29841537a2fa4a214c2bbf14de3587c9680caa9b4e217568472490b28f", size = 6472684, upload-time = "2026-07-01T11:54:19.839Z" },
    { url = "https://files.pythonhosted.org/packages/45/89/da2f7971a317f83d807fdd4065c0af40208e59e692cc43d315a71a0e96d1/pillow-12.3.0-cp312-cp312-win_amd64.whl", hash = "sha256:a2b55dd6b2a4c4b7d87ffa56bdb33fdc5fdb9a462173861a7bc097f17d91cb09", size = 7227137, upload-time = "2026-07-01T11:54:22.025Z" },
    { url = "https://files.pythonhosted.org/packages/de/47/4845a0a6c0dbf1db8456bd9fc791f13c5ced7ced20606d08a0aacfd25b49/pillow-12.3.0-cp312-cp312-win_arm64.whl", hash = "sha256:331b624368d4f1d069149002f25f44bc61c8919ce8ddb3c45bdad8f6e2d89510", size = 2568267, upload-time = "2026-07-01T11:54:24.051Z" },
]

[[package]]
name = "wonder-qr"
version = "0.1.0"
source = { editable = "." }
dependencies = [
    { name = "pillow" },
    { name = "zxing-cpp" },
]

[package.metadata]
requires-dist = [
    { name = "pillow", specifier = "==12.3.0" },
    { name = "zxing-cpp", specifier = "==3.1.1" },
]

[[package]]
name = "zxing-cpp"
version = "3.1.1"
source = { registry = "https://pypi.org/simple" }
sdist = { url = "https://files.pythonhosted.org/packages/b9/30/ad0e0352c593712ebb47143571ff11b130812e2852d7540e7c80cdf23340/zxing_cpp-3.1.1.tar.gz", hash = "sha256:1051a521b21a9fe206702ad4186aeb195154e3e1badcd99576d030723f36382b", size = 1437030, upload-time = "2026-07-29T08:50:59.019Z" }
wheels = [
    { url = "https://files.pythonhosted.org/packages/56/57/ac717270db6888973eba83e9832fe800808b555df0ebe34e37b6a6e07545/zxing_cpp-3.1.1-cp312-abi3-macosx_10_13_x86_64.whl", hash = "sha256:09dea611a7c9dc7c713a82303b15b733dc71abb1a77454b26b779e33671cef05", size = 911430, upload-time = "2026-07-29T08:50:32.625Z" },
    { url = "https://files.pythonhosted.org/packages/12/70/f14831dd92d5c844a39c03ebe9ba185e073d4467d50b48dcf2a816cae0c5/zxing_cpp-3.1.1-cp312-abi3-macosx_11_0_arm64.whl", hash = "sha256:037cbcaeb0cb12497fc15ced23f6b778fce8a6a1d1bbffddbffd004c6225744d", size = 863740, upload-time = "2026-07-29T08:50:34.23Z" },
    { url = "https://files.pythonhosted.org/packages/0d/f3/3fb2c6c48e6f58382fbbd31965c7caafd81f75b7e6707b011bdb940adb5f/zxing_cpp-3.1.1-cp312-abi3-manylinux_2_26_aarch64.manylinux_2_28_aarch64.whl", hash = "sha256:f4dae01111f323f46736fc21f05c14dcaaac06cea5fdc8fd994ba19f6f918c6e", size = 1024253, upload-time = "2026-07-29T08:50:35.599Z" },
    { url = "https://files.pythonhosted.org/packages/0c/30/79683cf7139ee5325fbc68169eb8dc1cb2033ec43339b5f39de990f909a7/zxing_cpp-3.1.1-cp312-abi3-manylinux_2_27_x86_64.manylinux_2_28_x86_64.whl", hash = "sha256:9cf67341949946307d086b302cefd453fb47bc6d6ddc7d088839e9481982757b", size = 1096795, upload-time = "2026-07-29T08:50:36.896Z" },
    { url = "https://files.pythonhosted.org/packages/7d/14/055c5a68a50bdde8378ced94e63f9ce340311e51c87b947f9b95fe69f51a/zxing_cpp-3.1.1-cp312-abi3-win_amd64.whl", hash = "sha256:29f98a91148171460b47a942d137ecc90c4b8097636f23cca65263a56bb025d3", size = 1003677, upload-time = "2026-07-29T08:50:38.328Z" },
    { url = "https://files.pythonhosted.org/packages/5d/32/a827a99fa5e0aee382b5d464cbd2075e1911a69500116705f6695a6accd8/zxing_cpp-3.1.1-cp312-abi3-win_arm64.whl", hash = "sha256:04a8f8b78779ab9b637853a0329770791cfc3095d232c768dc4824b63901ebd0", size = 931324, upload-time = "2026-07-29T08:50:39.632Z" },
]
